
Microsoft Visual Studio Solution File, Format Version 12.00
# Visual Studio Version 17
VisualStudioVersion = 17.1.32210.238
MinimumVisualStudioVersion = 10.0.40219.1
Project("{FAE04EC0-301F-11D3-BF4B-00C04F79EFBC}") = "CouncilGamingClub.web", "CouncilGamingClub.web\CouncilGamingClub.web.csproj", "{FF8943F4-E8A7-4CBB-9CB3-C20ACB58DCFE}"
EndProject
Global
	GlobalSection(SolutionConfigurationPlatforms) = preSolution
		Debug|Any CPU = Debug|Any CPU
		Release|Any CPU = Release|Any CPU
	EndGlobalSection
	GlobalSection(ProjectConfigurationPlatforms) = postSolution
		{FF8943F4-E8A7-4CBB-9CB3-C20ACB58DCFE}.Debug|Any CPU.ActiveCfg = Debug|Any CPU
		{FF8943F4-E8A7-4CBB-9CB3-C20ACB58DCFE}.Debug|Any CPU.Build.0 = Debug|Any CPU
		{FF8943F4-E8A7-4CBB-9CB3-C20ACB58DCFE}.Release|Any CPU.ActiveCfg = Release|Any CPU
		{FF8943F4-E8A7-4CBB-9CB3-C20ACB58DCFE}.Release|Any CPU.Build.0 = Release|Any CPU
	EndGlobalSection
	GlobalSection(SolutionProperties) = preSolution
		HideSolutionNode = FALSE
	EndGlobalSection
	GlobalSection(ExtensibilityGlobals) = postSolution
		SolutionGuid = {A6149498-88EB-4453-8302-4C6587536F50}
	EndGlobalSection
EndGlobal
